
Microsoft Visual Studio Solution File, Format Version 12.00
# Visual Studio Version 16
VisualStudioVersion = 16.0.30907.101
MinimumVisualStudioVersion = 10.0.40219.1
Project("{FAE04EC0-301F-11D3-BF4B-00C04F79EFBC}") = "BlueNetCafe", "BlueNetCafe.csproj", "{D0BC5744-B23C-49A1-99CA-2FCF80ED76E6}"
EndProject
Global
	GlobalSection(SolutionConfigurationPlatforms) = preSolution
		Debug|Any CPU = Debug|Any CPU
		Release|Any CPU = Release|Any CPU
	EndGlobalSection
	GlobalSection(ProjectConfigurationPlatforms) = postSolution
		{D0BC5744-B23C-49A1-99CA-2FCF80ED76E6}.Debug|Any CPU.ActiveCfg = Debug|Any CPU
		{D0BC5744-B23C-49A1-99CA-2FCF80ED76E6}.Debug|Any CPU.Build.0 = Debug|Any CPU
		{D0BC5744-B23C-49A1-99CA-2FCF80ED76E6}.Release|Any CPU.ActiveCfg = Release|Any CPU
		{D0BC5744-B23C-49A1-99CA-2FCF80ED76E6}.Release|Any CPU.Build.0 = Release|Any CPU
	EndGlobalSection
	GlobalSection(SolutionProperties) = preSolution
		HideSolutionNode = FALSE
	EndGlobalSection
	GlobalSection(ExtensibilityGlobals) = postSolution
		SolutionGuid = {10206F59-5CC6-4505-81EB-79261984EA21}
	EndGlobalSection
EndGlobal
